
Microsoft Visual Studio Solution File, Format Version 12.00
# Visual Studio Version 17
VisualStudioVersion = 17.0.31919.166
MinimumVisualStudioVersion = 10.0.40219.1
Project("{888888A0-9F3D-457C-B088-3A5042F75D52}") = "CIS261 Course Project", "CIS261 Course Project\CIS261 Course Project.pyproj", "{D9794A24-D629-4F40-9DF3-F8EB35C13917}"
EndProject
Global
	GlobalSection(SolutionConfigurationPlatforms) = preSolution
		Debug|Any CPU = Debug|Any CPU
		Release|Any CPU = Release|Any CPU
	EndGlobalSection
	GlobalSection(ProjectConfigurationPlatforms) = postSolution
		{D9794A24-D629-4F40-9DF3-F8EB35C13917}.Debug|Any CPU.ActiveCfg = Debug|Any CPU
		{D9794A24-D629-4F40-9DF3-F8EB35C13917}.Release|Any CPU.ActiveCfg = Release|Any CPU
	EndGlobalSection
	GlobalSection(SolutionProperties) = preSolution
		HideSolutionNode = FALSE
	EndGlobalSection
	GlobalSection(ExtensibilityGlobals) = postSolution
		SolutionGuid = {F74F4D7E-9002-45AA-AC9A-E5023731C721}
	EndGlobalSection
EndGlobal
